
Microsoft Visual Studio Solution File, Format Version 12.00
# Visual Studio 15
VisualStudioVersion = 15.0.27130.2027
MinimumVisualStudioVersion = 10.0.40219.1
Project("{FAE04EC0-301F-11D3-BF4B-00C04F79EFBC}") = "Girilen Sayının İstenilen Sayıya Modu", "Girilen Sayının İstenilen Sayıya Modu\Girilen Sayının İstenilen Sayıya Modu.csproj", "{541CDDE0-D058-49E0-8B9A-5DD590803E24}"
EndProject
Global
	GlobalSection(SolutionConfigurationPlatforms) = preSolution
		Debug|Any CPU = Debug|Any CPU
		Release|Any CPU = Release|Any CPU
	EndGlobalSection
	GlobalSection(ProjectConfigurationPlatforms) = postSolution
		{541CDDE0-D058-49E0-8B9A-5DD590803E24}.Debug|Any CPU.ActiveCfg = Debug|Any CPU
		{541CDDE0-D058-49E0-8B9A-5DD590803E24}.Debug|Any CPU.Build.0 = Debug|Any CPU
		{541CDDE0-D058-49E0-8B9A-5DD590803E24}.Release|Any CPU.ActiveCfg = Release|Any CPU
		{541CDDE0-D058-49E0-8B9A-5DD590803E24}.Release|Any CPU.Build.0 = Release|Any CPU
	EndGlobalSection
	GlobalSection(SolutionProperties) = preSolution
		HideSolutionNode = FALSE
	EndGlobalSection
	GlobalSection(ExtensibilityGlobals) = postSolution
		SolutionGuid = {BCEA8115-5B55-4421-BF23-3F675E792CB2}
	EndGlobalSection
EndGlobal
