
Microsoft Visual Studio Solution File, Format Version 12.00
# Visual Studio 15
VisualStudioVersion = 15.0.27130.2027
MinimumVisualStudioVersion = 10.0.40219.1
Project("{FAE04EC0-301F-11D3-BF4B-00C04F79EFBC}") = "10ile1000 Arasında ki Tam Kare SayılarıBulma", "10ile1000 Arasında ki Tam Kare SayılarıBulma\10ile1000 Arasında ki Tam Kare SayılarıBulma.csproj", "{E1B87ADB-906B-43B7-8474-BA2D7D20FF02}"
EndProject
Global
	GlobalSection(SolutionConfigurationPlatforms) = preSolution
		Debug|Any CPU = Debug|Any CPU
		Release|Any CPU = Release|Any CPU
	EndGlobalSection
	GlobalSection(ProjectConfigurationPlatforms) = postSolution
		{E1B87ADB-906B-43B7-8474-BA2D7D20FF02}.Debug|Any CPU.ActiveCfg = Debug|Any CPU
		{E1B87ADB-906B-43B7-8474-BA2D7D20FF02}.Debug|Any CPU.Build.0 = Debug|Any CPU
		{E1B87ADB-906B-43B7-8474-BA2D7D20FF02}.Release|Any CPU.ActiveCfg = Release|Any CPU
		{E1B87ADB-906B-43B7-8474-BA2D7D20FF02}.Release|Any CPU.Build.0 = Release|Any CPU
	EndGlobalSection
	GlobalSection(SolutionProperties) = preSolution
		HideSolutionNode = FALSE
	EndGlobalSection
	GlobalSection(ExtensibilityGlobals) = postSolution
		SolutionGuid = {DD7DDEAB-ECAA-47DF-AB73-C6DBB82343BE}
	EndGlobalSection
EndGlobal
