
Microsoft Visual Studio Solution File, Format Version 12.00
# Visual Studio 15
VisualStudioVersion = 15.0.27130.2027
MinimumVisualStudioVersion = 10.0.40219.1
Project("{FAE04EC0-301F-11D3-BF4B-00C04F79EFBC}") = "Girilen10Adet sayıdan poz Neg Oran bulma", "Girilen10Adet sayıdan poz Neg Oran bulma\Girilen10Adet sayıdan poz Neg Oran bulma.csproj", "{77E60B16-1016-4E69-81C4-ED262B3A3DFF}"
EndProject
Global
	GlobalSection(SolutionConfigurationPlatforms) = preSolution
		Debug|Any CPU = Debug|Any CPU
		Release|Any CPU = Release|Any CPU
	EndGlobalSection
	GlobalSection(ProjectConfigurationPlatforms) = postSolution
		{77E60B16-1016-4E69-81C4-ED262B3A3DFF}.Debug|Any CPU.ActiveCfg = Debug|Any CPU
		{77E60B16-1016-4E69-81C4-ED262B3A3DFF}.Debug|Any CPU.Build.0 = Debug|Any CPU
		{77E60B16-1016-4E69-81C4-ED262B3A3DFF}.Release|Any CPU.ActiveCfg = Release|Any CPU
		{77E60B16-1016-4E69-81C4-ED262B3A3DFF}.Release|Any CPU.Build.0 = Release|Any CPU
	EndGlobalSection
	GlobalSection(SolutionProperties) = preSolution
		HideSolutionNode = FALSE
	EndGlobalSection
	GlobalSection(ExtensibilityGlobals) = postSolution
		SolutionGuid = {7E8057A8-4E17-4921-B0E0-0847BB6A8834}
	EndGlobalSection
EndGlobal
